
Microsoft Visual Studio Solution File, Format Version 12.00
# Visual Studio Version 16
VisualStudioVersion = 16.0.29613.14
MinimumVisualStudioVersion = 10.0.40219.1
Project("{FAE04EC0-301F-11D3-BF4B-00C04F79EFBC}") = "CheckVPN", "CheckVPN\CheckVPN.csproj", "{49E9D6AC-31E8-430E-B151-EEEE54B5FAC7}"
EndProject
Project("{FAE04EC0-301F-11D3-BF4B-00C04F79EFBC}") = "CheckCheck", "CheckCheck\CheckCheck.csproj", "{A234E8E3-B103-4B2B-B99D-0B1BE8BF84F8}"
EndProject
Project("{FAE04EC0-301F-11D3-BF4B-00C04F79EFBC}") = "Check", "Check\Check.csproj", "{F820071C-B03A-4C05-B437-02EA1ACE8A85}"
EndProject
Global
	GlobalSection(SolutionConfigurationPlatforms) = preSolution
		Debug|Any CPU = Debug|Any CPU
		Release|Any CPU = Release|Any CPU
	EndGlobalSection
	GlobalSection(ProjectConfigurationPlatforms) = postSolution
		{49E9D6AC-31E8-430E-B151-EEEE54B5FAC7}.Debug|Any CPU.ActiveCfg = Debug|Any CPU
		{49E9D6AC-31E8-430E-B151-EEEE54B5FAC7}.Debug|Any CPU.Build.0 = Debug|Any CPU
		{49E9D6AC-31E8-430E-B151-EEEE54B5FAC7}.Release|Any CPU.ActiveCfg = Release|Any CPU
		{49E9D6AC-31E8-430E-B151-EEEE54B5FAC7}.Release|Any CPU.Build.0 = Release|Any CPU
		{A234E8E3-B103-4B2B-B99D-0B1BE8BF84F8}.Debug|Any CPU.ActiveCfg = Debug|Any CPU
		{A234E8E3-B103-4B2B-B99D-0B1BE8BF84F8}.Debug|Any CPU.Build.0 = Debug|Any CPU
		{A234E8E3-B103-4B2B-B99D-0B1BE8BF84F8}.Release|Any CPU.ActiveCfg = Release|Any CPU
		{A234E8E3-B103-4B2B-B99D-0B1BE8BF84F8}.Release|Any CPU.Build.0 = Release|Any CPU
		{F820071C-B03A-4C05-B437-02EA1ACE8A85}.Debug|Any CPU.ActiveCfg = Debug|Any CPU
		{F820071C-B03A-4C05-B437-02EA1ACE8A85}.Debug|Any CPU.Build.0 = Debug|Any CPU
		{F820071C-B03A-4C05-B437-02EA1ACE8A85}.Release|Any CPU.ActiveCfg = Release|Any CPU
		{F820071C-B03A-4C05-B437-02EA1ACE8A85}.Release|Any CPU.Build.0 = Release|Any CPU
	EndGlobalSection
	GlobalSection(SolutionProperties) = preSolution
		HideSolutionNode = FALSE
	EndGlobalSection
	GlobalSection(ExtensibilityGlobals) = postSolution
		SolutionGuid = {6063B8BC-8998-4530-AB20-1C6DDA62AE44}
	EndGlobalSection
EndGlobal
